
Microsoft Visual Studio Solution File, Format Version 12.00
# Visual Studio Version 17
VisualStudioVersion = 17.7.34221.43
MinimumVisualStudioVersion = 10.0.40219.1
Project("{FAE04EC0-301F-11D3-BF4B-00C04F79EFBC}") = "certamen2", "certamen2\certamen2.csproj", "{C85E1B99-1E85-4223-9293-155DA5AA9175}"
EndProject
Global
	GlobalSection(SolutionConfigurationPlatforms) = preSolution
		Debug|Any CPU = Debug|Any CPU
		Release|Any CPU = Release|Any CPU
	EndGlobalSection
	GlobalSection(ProjectConfigurationPlatforms) = postSolution
		{C85E1B99-1E85-4223-9293-155DA5AA9175}.Debug|Any CPU.ActiveCfg = Debug|Any CPU
		{C85E1B99-1E85-4223-9293-155DA5AA9175}.Debug|Any CPU.Build.0 = Debug|Any CPU
		{C85E1B99-1E85-4223-9293-155DA5AA9175}.Debug|Any CPU.Deploy.0 = Debug|Any CPU
		{C85E1B99-1E85-4223-9293-155DA5AA9175}.Release|Any CPU.ActiveCfg = Release|Any CPU
		{C85E1B99-1E85-4223-9293-155DA5AA9175}.Release|Any CPU.Build.0 = Release|Any CPU
		{C85E1B99-1E85-4223-9293-155DA5AA9175}.Release|Any CPU.Deploy.0 = Release|Any CPU
	EndGlobalSection
	GlobalSection(SolutionProperties) = preSolution
		HideSolutionNode = FALSE
	EndGlobalSection
	GlobalSection(ExtensibilityGlobals) = postSolution
		SolutionGuid = {87CE352C-27C5-4F08-A4E5-0952CFE72151}
	EndGlobalSection
EndGlobal
